// !$*UTF8*$!
{
	archiveVersion = 1;
	classes = {
	};
	objectVersion = 50;
	objects = {

/* Begin PBXBuildFile section */
		644F326221096E2400F344B5 /* AppDelegate.m in Sources */ = {isa = PBXBuildFile; fileRef = 644F326121096E2400F344B5 /* AppDelegate.m */; };
		644F326521096E2400F344B5 /* ViewController.m in Sources */ = {isa = PBXBuildFile; fileRef = 644F326421096E2400F344B5 /* ViewController.m */; };
		644F326821096E2400F344B5 /* Main.storyboard in Resources */ = {isa = PBXBuildFile; fileRef = 644F326621096E2400F344B5 /* Main.storyboard */; };
		644F326A21096E2500F344B5 /* Assets.xcassets in Resources */ = {isa = PBXBuildFile; fileRef = 644F326921096E2500F344B5 /* Assets.xcassets */; };
		644F326D21096E2500F344B5 /* LaunchScreen.storyboard in Resources */ = {isa = PBXBuildFile; fileRef = 644F326B21096E2500F344B5 /* LaunchScreen.storyboard */; };
		644F327021096E2500F344B5 /* main.m in Sources */ = {isa = PBXBuildFile; fileRef = 644F326F21096E2500F344B5 /* main.m */; };
		644F327D21096E7100F344B5 /* HMXImage.m in Sources */ = {isa = PBXBuildFile; fileRef = 644F327821096E7100F344B5 /* HMXImage.m */; };
		644F327E21096E7100F344B5 /* HMXShader.metal in Sources */ = {isa = PBXBuildFile; fileRef = 644F327A21096E7100F344B5 /* HMXShader.metal */; };
		644F327F21096E7100F344B5 /* Image.tga in Resources */ = {isa = PBXBuildFile; fileRef = 644F327B21096E7100F344B5 /* Image.tga */; };
		644F328021096E7100F344B5 /* HMXRender.m in Sources */ = {isa = PBXBuildFile; fileRef = 644F327C21096E7100F344B5 /* HMXRender.m */; };
/* End PBXBuildFile section */

/* Begin PBXFileReference section */
		644F325D21096E2400F344B5 /* HelloCompute.app */ = {isa = PBXFileReference; explicitFileType = wrapper.application; includeInIndex = 0; path = HelloCompute.app; sourceTree = BUILT_PRODUCTS_DIR; };
		644F326021096E2400F344B5 /* AppDelegate.h */ = {isa = PBXFileReference; lastKnownFileType = sourcecode.c.h; path = AppDelegate.h; sourceTree = "<group>"; };
		644F326121096E2400F344B5 /* AppDelegate.m */ = {isa = PBXFileReference; lastKnownFileType = sourcecode.c.objc; path = AppDelegate.m; sourceTree = "<group>"; };
		644F326321096E2400F344B5 /* ViewController.h */ = {isa = PBXFileReference; lastKnownFileType = sourcecode.c.h; path = ViewController.h; sourceTree = "<group>"; };
		644F326421096E2400F344B5 /* ViewController.m */ = {isa = PBXFileReference; lastKnownFileType = sourcecode.c.objc; path = ViewController.m; sourceTree = "<group>"; };
		644F326721096E2400F344B5 /* Base */ = {isa = PBXFileReference; lastKnownFileType = file.storyboard; name = Base; path = Base.lproj/Main.storyboard; sourceTree = "<group>"; };
		644F326921096E2500F344B5 /* Assets.xcassets */ = {isa = PBXFileReference; lastKnownFileType = folder.assetcatalog; path = Assets.xcassets; sourceTree = "<group>"; };
		644F326C21096E2500F344B5 /* Base */ = {isa = PBXFileReference; lastKnownFileType = file.storyboard; name = Base; path = Base.lproj/LaunchScreen.storyboard; sourceTree = "<group>"; };
		644F326E21096E2500F344B5 /* Info.plist */ = {isa = PBXFileReference; lastKnownFileType = text.plist.xml; path = Info.plist; sourceTree = "<group>"; };
		644F326F21096E2500F344B5 /* main.m */ = {isa = PBXFileReference; lastKnownFileType = sourcecode.c.objc; path = main.m; sourceTree = "<group>"; };
		644F327621096E7100F344B5 /* HMXShaderTypes.h */ = {isa = PBXFileReference; fileEncoding = 4; lastKnownFileType = sourcecode.c.h; path = HMXShaderTypes.h; sourceTree = "<group>"; };
		644F327721096E7100F344B5 /* HMXImage.h */ = {isa = PBXFileReference; fileEncoding = 4; lastKnownFileType = sourcecode.c.h; path = HMXImage.h; sourceTree = "<group>"; };
		644F327821096E7100F344B5 /* HMXImage.m */ = {isa = PBXFileReference; fileEncoding = 4; lastKnownFileType = sourcecode.c.objc; path = HMXImage.m; sourceTree = "<group>"; };
		644F327921096E7100F344B5 /* HMXRender.h */ = {isa = PBXFileReference; fileEncoding = 4; lastKnownFileType = sourcecode.c.h; path = HMXRender.h; sourceTree = "<group>"; };
		644F327A21096E7100F344B5 /* HMXShader.metal */ = {isa = PBXFileReference; fileEncoding = 4; lastKnownFileType = sourcecode.metal; path = HMXShader.metal; sourceTree = "<group>"; };
		644F327B21096E7100F344B5 /* Image.tga */ = {isa = PBXFileReference; lastKnownFileType = file; path = Image.tga; sourceTree = "<group>"; };
		644F327C21096E7100F344B5 /* HMXRender.m */ = {isa = PBXFileReference; fileEncoding = 4; lastKnownFileType = sourcecode.c.objc; path = HMXRender.m; sourceTree = "<group>"; };
/* End PBXFileReference section */

/* Begin PBXFrameworksBuildPhase section */
		644F325A21096E2400F344B5 /* Frameworks */ = {
			isa = PBXFrameworksBuildPhase;
			buildActionMask = 2147483647;
			files = (
			);
			runOnlyForDeploymentPostprocessing = 0;
		};
/* End PBXFrameworksBuildPhase section */

/* Begin PBXGroup section */
		644F325421096E2400F344B5 = {
			isa = PBXGroup;
			children = (
				644F325F21096E2400F344B5 /* HelloCompute */,
				644F325E21096E2400F344B5 /* Products */,
			);
			sourceTree = "<group>";
		};
		644F325E21096E2400F344B5 /* Products */ = {
			isa = PBXGroup;
			children = (
				644F325D21096E2400F344B5 /* HelloCompute.app */,
			);
			name = Products;
			sourceTree = "<group>";
		};
		644F325F21096E2400F344B5 /* HelloCompute */ = {
			isa = PBXGroup;
			children = (
				644F327B21096E7100F344B5 /* Image.tga */,
				644F327A21096E7100F344B5 /* HMXShader.metal */,
				644F327621096E7100F344B5 /* HMXShaderTypes.h */,
				644F327721096E7100F344B5 /* HMXImage.h */,
				644F327821096E7100F344B5 /* HMXImage.m */,
				644F327921096E7100F344B5 /* HMXRender.h */,
				644F327C21096E7100F344B5 /* HMXRender.m */,
				644F326021096E2400F344B5 /* AppDelegate.h */,
				644F326121096E2400F344B5 /* AppDelegate.m */,
				644F326321096E2400F344B5 /* ViewController.h */,
				644F326421096E2400F344B5 /* ViewController.m */,
				644F326621096E2400F344B5 /* Main.storyboard */,
				644F326921096E2500F344B5 /* Assets.xcassets */,
				644F326B21096E2500F344B5 /* LaunchScreen.storyboard */,
				644F326E21096E2500F344B5 /* Info.plist */,
				644F326F21096E2500F344B5 /* main.m */,
			);
			path = HelloCompute;
			sourceTree = "<group>";
		};
/* End PBXGroup section */

/* Begin PBXNativeTarget section */
		644F325C21096E2400F344B5 /* HelloCompute */ = {
			isa = PBXNativeTarget;
			buildConfigurationList = 644F327321096E2500F344B5 /* Build configuration list for PBXNativeTarget "HelloCompute" */;
			buildPhases = (
				644F325921096E2400F344B5 /* Sources */,
				644F325A21096E2400F344B5 /* Frameworks */,
				644F325B21096E2400F344B5 /* Resources */,
			);
			buildRules = (
			);
			dependencies = (
			);
			name = HelloCompute;
			productName = HelloCompute;
			productReference = 644F325D21096E2400F344B5 /* HelloCompute.app */;
			productType = "com.apple.product-type.application";
		};
/* End PBXNativeTarget section */

/* Begin PBXProject section */
		644F325521096E2400F344B5 /* Project object */ = {
			isa = PBXProject;
			attributes = {
				LastUpgradeCheck = 0940;
				ORGANIZATIONNAME = meitu;
				TargetAttributes = {
					644F325C21096E2400F344B5 = {
						CreatedOnToolsVersion = 9.4;
					};
				};
			};
			buildConfigurationList = 644F325821096E2400F344B5 /* Build configuration list for PBXProject "HelloCompute" */;
			compatibilityVersion = "Xcode 9.3";
			developmentRegion = en;
			hasScannedForEncodings = 0;
			knownRegions = (
				en,
				Base,
			);
			mainGroup = 644F325421096E2400F344B5;
			productRefGroup = 644F325E21096E2400F344B5 /* Products */;
			projectDirPath = "";
			projectRoot = "";
			targets = (
				644F325C21096E2400F344B5 /* HelloCompute */,
			);
		};
/* End PBXProject section */

/* Begin PBXResourcesBuildPhase section */
		644F325B21096E2400F344B5 /* Resources */ = {
			isa = PBXResourcesBuildPhase;
			buildActionMask = 2147483647;
			files = (
				644F326D21096E2500F344B5 /* LaunchScreen.storyboard in Resources */,
				644F326A21096E2500F344B5 /* Assets.xcassets in Resources */,
				644F327F21096E7100F344B5 /* Image.tga in Resources */,
				644F326821096E2400F344B5 /* Main.storyboard in Resources */,
			);
			runOnlyForDeploymentPostprocessing = 0;
		};
/* End PBXResourcesBuildPhase section */

/* Begin PBXSourcesBuildPhase section */
		644F325921096E2400F344B5 /* Sources */ = {
			isa = PBXSourcesBuildPhase;
			buildActionMask = 2147483647;
			files = (
				644F327E21096E7100F344B5 /* HMXShader.metal in Sources */,
				644F326521096E2400F344B5 /* ViewController.m in Sources */,
				644F327D21096E7100F344B5 /* HMXImage.m in Sources */,
				644F328021096E7100F344B5 /* HMXRender.m in Sources */,
				644F327021096E2500F344B5 /* main.m in Sources */,
				644F326221096E2400F344B5 /* AppDelegate.m in Sources */,
			);
			runOnlyForDeploymentPostprocessing = 0;
		};
/* End PBXSourcesBuildPhase section */

/* Begin PBXVariantGroup section */
		644F326621096E2400F344B5 /* Main.storyboard */ = {
			isa = PBXVariantGroup;
			children = (
				644F326721096E2400F344B5 /* Base */,
			);
			name = Main.storyboard;
			sourceTree = "<group>";
		};
		644F326B21096E2500F344B5 /* LaunchScreen.storyboard */ = {
			isa = PBXVariantGroup;
			children = (
				644F326C21096E2500F344B5 /* Base */,
			);
			name = LaunchScreen.storyboard;
			sourceTree = "<group>";
		};
/* End PBXVariantGroup section */

/* Begin XCBuildConfiguration section */
		644F327121096E2500F344B5 /* Debug */ = {
			isa = XCBuildConfiguration;
			buildSettings = {
				ALWAYS_SEARCH_USER_PATHS = NO;
				CLANG_ANALYZER_NONNULL = YES;
				CLANG_ANALYZER_NUMBER_OBJECT_CONVERSION = YES_AGGRESSIVE;
				CLANG_CXX_LANGUAGE_STANDARD = "gnu++14";
				CLANG_CXX_LIBRARY = "libc++";
				CLANG_ENABLE_MODULES = YES;
				CLANG_ENABLE_OBJC_ARC = YES;
				CLANG_ENABLE_OBJC_WEAK = YES;
				CLANG_WARN_BLOCK_CAPTURE_AUTORELEASING = YES;
				CLANG_WARN_BOOL_CONVERSION = YES;
				CLANG_WARN_COMMA = YES;
				CLANG_WARN_CONSTANT_CONVERSION = YES;
				CLANG_WARN_DEPRECATED_OBJC_IMPLEMENTATIONS = YES;
				CLANG_WARN_DIRECT_OBJC_ISA_USAGE = YES_ERROR;
				CLANG_WARN_DOCUMENTATION_COMMENTS = YES;
				CLANG_WARN_EMPTY_BODY = YES;
				CLANG_WARN_ENUM_CONVERSION = YES;
				CLANG_WARN_INFINITE_RECURSION = YES;
				CLANG_WARN_INT_CONVERSION = YES;
				CLANG_WARN_NON_LITERAL_NULL_CONVERSION = YES;
				CLANG_WARN_OBJC_IMPLICIT_RETAIN_SELF = YES;
				CLANG_WARN_OBJC_LITERAL_CONVERSION = YES;
				CLANG_WARN_OBJC_ROOT_CLASS = YES_ERROR;
				CLANG_WARN_RANGE_LOOP_ANALYSIS = YES;
				CLANG_WARN_STRICT_PROTOTYPES = YES;
				CLANG_WARN_SUSPICIOUS_MOVE = YES;
				CLANG_WARN_UNGUARDED_AVAILABILITY = YES_AGGRESSIVE;
				CLANG_WARN_UNREACHABLE_CODE = YES;
				CLANG_WARN__DUPLICATE_METHOD_MATCH = YES;
				CODE_SIGN_IDENTITY = "iPhone Developer";
				COPY_PHASE_STRIP = NO;
				DEBUG_INFORMATION_FORMAT = dwarf;
				ENABLE_STRICT_OBJC_MSGSEND = YES;
				ENABLE_TESTABILITY = YES;
				GCC_C_LANGUAGE_STANDARD = gnu11;
				GCC_DYNAMIC_NO_PIC = NO;
				GCC_NO_COMMON_BLOCKS = YES;
				GCC_OPTIMIZATION_LEVEL = 0;
				GCC_PREPROCESSOR_DEFINITIONS = (
					"DEBUG=1",
					"$(inherited)",
				);
				GCC_WARN_64_TO_32_BIT_CONVERSION = YES;
				GCC_WARN_ABOUT_RETURN_TYPE = YES_ERROR;
				GCC_WARN_UNDECLARED_SELECTOR = YES;
				GCC_WARN_UNINITIALIZED_AUTOS = YES_AGGRESSIVE;
				GCC_WARN_UNUSED_FUNCTION = YES;
				GCC_WARN_UNUSED_VARIABLE = YES;
				IPHONEOS_DEPLOYMENT_TARGET = 11.4;
				MTL_ENABLE_DEBUG_INFO = YES;
				ONLY_ACTIVE_ARCH = YES;
				SDKROOT = iphoneos;
			};
			name = Debug;
		};
		644F327221096E2500F344B5 /* Release */ = {
			isa = XCBuildConfiguration;
			buildSettings = {
				ALWAYS_SEARCH_USER_PATHS = NO;
				CLANG_ANALYZER_NONNULL = YES;
				CLANG_ANALYZER_NUMBER_OBJECT_CONVERSION = YES_AGGRESSIVE;
				CLANG_CXX_LANGUAGE_STANDARD = "gnu++14";
				CLANG_CXX_LIBRARY = "libc++";
				CLANG_ENABLE_MODULES = YES;
				CLANG_ENABLE_OBJC_ARC = YES;
				CLANG_ENABLE_OBJC_WEAK = YES;
				CLANG_WARN_BLOCK_CAPTURE_AUTORELEASING = YES;
				CLANG_WARN_BOOL_CONVERSION = YES;
				CLANG_WARN_COMMA = YES;
				CLANG_WARN_CONSTANT_CONVERSION = YES;
				CLANG_WARN_DEPRECATED_OBJC_IMPLEMENTATIONS = YES;
				CLANG_WARN_DIRECT_OBJC_ISA_USAGE = YES_ERROR;
				CLANG_WARN_DOCUMENTATION_COMMENTS = YES;
				CLANG_WARN_EMPTY_BODY = YES;
				CLANG_WARN_ENUM_CONVERSION = YES;
				CLANG_WARN_INFINITE_RECURSION = YES;
				CLANG_WARN_INT_CONVERSION = YES;
				CLANG_WARN_NON_LITERAL_NULL_CONVERSION = YES;
				CLANG_WARN_OBJC_IMPLICIT_RETAIN_SELF = YES;
				CLANG_WARN_OBJC_LITERAL_CONVERSION = YES;
				CLANG_WARN_OBJC_ROOT_CLASS = YES_ERROR;
				CLANG_WARN_RANGE_LOOP_ANALYSIS = YES;
				CLANG_WARN_STRICT_PROTOTYPES = YES;
				CLANG_WARN_SUSPICIOUS_MOVE = YES;
				CLANG_WARN_UNGUARDED_AVAILABILITY = YES_AGGRESSIVE;
				CLANG_WARN_UNREACHABLE_CODE = YES;
				CLANG_WARN__DUPLICATE_METHOD_MATCH = YES;
				CODE_SIGN_IDENTITY = "iPhone Developer";
				COPY_PHASE_STRIP = NO;
				DEBUG_INFORMATION_FORMAT = "dwarf-with-dsym";
				ENABLE_NS_ASSERTIONS = NO;
				ENABLE_STRICT_OBJC_MSGSEND = YES;
				GCC_C_LANGUAGE_STANDARD = gnu11;
				GCC_NO_COMMON_BLOCKS = YES;
				GCC_WARN_64_TO_32_BIT_CONVERSION = YES;
				GCC_WARN_ABOUT_RETURN_TYPE = YES_ERROR;
				GCC_WARN_UNDECLARED_SELECTOR = YES;
				GCC_WARN_UNINITIALIZED_AUTOS = YES_AGGRESSIVE;
				GCC_WARN_UNUSED_FUNCTION = YES;
				GCC_WARN_UNUSED_VARIABLE = YES;
				IPHONEOS_DEPLOYMENT_TARGET = 11.4;
				MTL_ENABLE_DEBUG_INFO = NO;
				SDKROOT = iphoneos;
				VALIDATE_PRODUCT = YES;
			};
			name = Release;
		};
		644F327421096E2500F344B5 /* Debug */ = {
			isa = XCBuildConfiguration;
			buildSettings = {
				ASSETCATALOG_COMPILER_APPICON_NAME = AppIcon;
				CODE_SIGN_STYLE = Automatic;
				DEVELOPMENT_TEAM = Q9WZPGLPG5;
				INFOPLIST_FILE = HelloCompute/Info.plist;
				LD_RUNPATH_SEARCH_PATHS = (
					"$(inherited)",
					"@executable_path/Frameworks",
				);
				PRODUCT_BUNDLE_IDENTIFIER = com.hmx.test;
				PRODUCT_NAME = "$(TARGET_NAME)";
				TARGETED_DEVICE_FAMILY = "1,2";
			};
			name = Debug;
		};
		644F327521096E2500F344B5 /* Release */ = {
			isa = XCBuildConfiguration;
			buildSettings = {
				ASSETCATALOG_COMPILER_APPICON_NAME = AppIcon;
				CODE_SIGN_STYLE = Automatic;
				DEVELOPMENT_TEAM = Q9WZPGLPG5;
				INFOPLIST_FILE = HelloCompute/Info.plist;
				LD_RUNPATH_SEARCH_PATHS = (
					"$(inherited)",
					"@executable_path/Frameworks",
				);
				PRODUCT_BUNDLE_IDENTIFIER = com.hmx.test;
				PRODUCT_NAME = "$(TARGET_NAME)";
				TARGETED_DEVICE_FAMILY = "1,2";
			};
			name = Release;
		};
/* End XCBuildConfiguration section */

/* Begin XCConfigurationList section */
		644F325821096E2400F344B5 /* Build configuration list for PBXProject "HelloCompute" */ = {
			isa = XCConfigurationList;
			buildConfigurations = (
				644F327121096E2500F344B5 /* Debug */,
				644F327221096E2500F344B5 /* Release */,
			);
			defaultConfigurationIsVisible = 0;
			defaultConfigurationName = Release;
		};
		644F327321096E2500F344B5 /* Build configuration list for PBXNativeTarget "HelloCompute" */ = {
			isa = XCConfigurationList;
			buildConfigurations = (
				644F327421096E2500F344B5 /* Debug */,
				644F327521096E2500F344B5 /* Release */,
			);
			defaultConfigurationIsVisible = 0;
			defaultConfigurationName = Release;
		};
/* End XCConfigurationList section */
	};
	rootObject = 644F325521096E2400F344B5 /* Project object */;
}
