// !$*UTF8*$!
{
	archiveVersion = 1;
	classes = {
	};
	objectVersion = 50;
	objects = {

/* Begin PBXBuildFile section */
		64B845F621074A5F00E748BA /* AppDelegate.m in Sources */ = {isa = PBXBuildFile; fileRef = 64B845F521074A5F00E748BA /* AppDelegate.m */; };
		64B845F921074A5F00E748BA /* ViewController.m in Sources */ = {isa = PBXBuildFile; fileRef = 64B845F821074A5F00E748BA /* ViewController.m */; };
		64B845FC21074A5F00E748BA /* Main.storyboard in Resources */ = {isa = PBXBuildFile; fileRef = 64B845FA21074A5F00E748BA /* Main.storyboard */; };
		64B845FE21074A5F00E748BA /* Assets.xcassets in Resources */ = {isa = PBXBuildFile; fileRef = 64B845FD21074A5F00E748BA /* Assets.xcassets */; };
		64B8460121074A5F00E748BA /* LaunchScreen.storyboard in Resources */ = {isa = PBXBuildFile; fileRef = 64B845FF21074A5F00E748BA /* LaunchScreen.storyboard */; };
		64B8460421074A6000E748BA /* main.m in Sources */ = {isa = PBXBuildFile; fileRef = 64B8460321074A6000E748BA /* main.m */; };
		64B8461221074AE700E748BA /* HMXRender.m in Sources */ = {isa = PBXBuildFile; fileRef = 64B8461121074AE700E748BA /* HMXRender.m */; };
		64B846172107509F00E748BA /* HMXShader.metal in Sources */ = {isa = PBXBuildFile; fileRef = 64B846162107509F00E748BA /* HMXShader.metal */; };
/* End PBXBuildFile section */

/* Begin PBXFileReference section */
		64B845F121074A5F00E748BA /* HelloTriangle.app */ = {isa = PBXFileReference; explicitFileType = wrapper.application; includeInIndex = 0; path = HelloTriangle.app; sourceTree = BUILT_PRODUCTS_DIR; };
		64B845F421074A5F00E748BA /* AppDelegate.h */ = {isa = PBXFileReference; lastKnownFileType = sourcecode.c.h; path = AppDelegate.h; sourceTree = "<group>"; };
		64B845F521074A5F00E748BA /* AppDelegate.m */ = {isa = PBXFileReference; lastKnownFileType = sourcecode.c.objc; path = AppDelegate.m; sourceTree = "<group>"; };
		64B845F721074A5F00E748BA /* ViewController.h */ = {isa = PBXFileReference; lastKnownFileType = sourcecode.c.h; path = ViewController.h; sourceTree = "<group>"; };
		64B845F821074A5F00E748BA /* ViewController.m */ = {isa = PBXFileReference; lastKnownFileType = sourcecode.c.objc; path = ViewController.m; sourceTree = "<group>"; };
		64B845FB21074A5F00E748BA /* Base */ = {isa = PBXFileReference; lastKnownFileType = file.storyboard; name = Base; path = Base.lproj/Main.storyboard; sourceTree = "<group>"; };
		64B845FD21074A5F00E748BA /* Assets.xcassets */ = {isa = PBXFileReference; lastKnownFileType = folder.assetcatalog; path = Assets.xcassets; sourceTree = "<group>"; };
		64B8460021074A5F00E748BA /* Base */ = {isa = PBXFileReference; lastKnownFileType = file.storyboard; name = Base; path = Base.lproj/LaunchScreen.storyboard; sourceTree = "<group>"; };
		64B8460221074A6000E748BA /* Info.plist */ = {isa = PBXFileReference; lastKnownFileType = text.plist.xml; path = Info.plist; sourceTree = "<group>"; };
		64B8460321074A6000E748BA /* main.m */ = {isa = PBXFileReference; lastKnownFileType = sourcecode.c.objc; path = main.m; sourceTree = "<group>"; };
		64B8461021074AE700E748BA /* HMXRender.h */ = {isa = PBXFileReference; fileEncoding = 4; lastKnownFileType = sourcecode.c.h; path = HMXRender.h; sourceTree = "<group>"; };
		64B8461121074AE700E748BA /* HMXRender.m */ = {isa = PBXFileReference; fileEncoding = 4; lastKnownFileType = sourcecode.c.objc; path = HMXRender.m; sourceTree = "<group>"; };
		64B8461321074CBA00E748BA /* HMXShaderTypes.h */ = {isa = PBXFileReference; lastKnownFileType = sourcecode.c.h; path = HMXShaderTypes.h; sourceTree = "<group>"; };
		64B846162107509F00E748BA /* HMXShader.metal */ = {isa = PBXFileReference; lastKnownFileType = sourcecode.metal; path = HMXShader.metal; sourceTree = "<group>"; };
/* End PBXFileReference section */

/* Begin PBXFrameworksBuildPhase section */
		64B845EE21074A5F00E748BA /* Frameworks */ = {
			isa = PBXFrameworksBuildPhase;
			buildActionMask = 2147483647;
			files = (
			);
			runOnlyForDeploymentPostprocessing = 0;
		};
/* End PBXFrameworksBuildPhase section */

/* Begin PBXGroup section */
		64B845E821074A5F00E748BA = {
			isa = PBXGroup;
			children = (
				64B845F321074A5F00E748BA /* HelloTriangle */,
				64B845F221074A5F00E748BA /* Products */,
			);
			sourceTree = "<group>";
		};
		64B845F221074A5F00E748BA /* Products */ = {
			isa = PBXGroup;
			children = (
				64B845F121074A5F00E748BA /* HelloTriangle.app */,
			);
			name = Products;
			sourceTree = "<group>";
		};
		64B845F321074A5F00E748BA /* HelloTriangle */ = {
			isa = PBXGroup;
			children = (
				64B8461321074CBA00E748BA /* HMXShaderTypes.h */,
				64B846162107509F00E748BA /* HMXShader.metal */,
				64B8461021074AE700E748BA /* HMXRender.h */,
				64B8461121074AE700E748BA /* HMXRender.m */,
				64B845F421074A5F00E748BA /* AppDelegate.h */,
				64B845F521074A5F00E748BA /* AppDelegate.m */,
				64B845F721074A5F00E748BA /* ViewController.h */,
				64B845F821074A5F00E748BA /* ViewController.m */,
				64B845FA21074A5F00E748BA /* Main.storyboard */,
				64B845FD21074A5F00E748BA /* Assets.xcassets */,
				64B845FF21074A5F00E748BA /* LaunchScreen.storyboard */,
				64B8460221074A6000E748BA /* Info.plist */,
				64B8460321074A6000E748BA /* main.m */,
			);
			path = HelloTriangle;
			sourceTree = "<group>";
		};
/* End PBXGroup section */

/* Begin PBXNativeTarget section */
		64B845F021074A5F00E748BA /* HelloTriangle */ = {
			isa = PBXNativeTarget;
			buildConfigurationList = 64B8460721074A6000E748BA /* Build configuration list for PBXNativeTarget "HelloTriangle" */;
			buildPhases = (
				64B845ED21074A5F00E748BA /* Sources */,
				64B845EE21074A5F00E748BA /* Frameworks */,
				64B845EF21074A5F00E748BA /* Resources */,
			);
			buildRules = (
			);
			dependencies = (
			);
			name = HelloTriangle;
			productName = HelloTriangle;
			productReference = 64B845F121074A5F00E748BA /* HelloTriangle.app */;
			productType = "com.apple.product-type.application";
		};
/* End PBXNativeTarget section */

/* Begin PBXProject section */
		64B845E921074A5F00E748BA /* Project object */ = {
			isa = PBXProject;
			attributes = {
				LastUpgradeCheck = 0940;
				ORGANIZATIONNAME = meitu;
				TargetAttributes = {
					64B845F021074A5F00E748BA = {
						CreatedOnToolsVersion = 9.4;
					};
				};
			};
			buildConfigurationList = 64B845EC21074A5F00E748BA /* Build configuration list for PBXProject "HelloTriangle" */;
			compatibilityVersion = "Xcode 9.3";
			developmentRegion = en;
			hasScannedForEncodings = 0;
			knownRegions = (
				en,
				Base,
			);
			mainGroup = 64B845E821074A5F00E748BA;
			productRefGroup = 64B845F221074A5F00E748BA /* Products */;
			projectDirPath = "";
			projectRoot = "";
			targets = (
				64B845F021074A5F00E748BA /* HelloTriangle */,
			);
		};
/* End PBXProject section */

/* Begin PBXResourcesBuildPhase section */
		64B845EF21074A5F00E748BA /* Resources */ = {
			isa = PBXResourcesBuildPhase;
			buildActionMask = 2147483647;
			files = (
				64B8460121074A5F00E748BA /* LaunchScreen.storyboard in Resources */,
				64B845FE21074A5F00E748BA /* Assets.xcassets in Resources */,
				64B845FC21074A5F00E748BA /* Main.storyboard in Resources */,
			);
			runOnlyForDeploymentPostprocessing = 0;
		};
/* End PBXResourcesBuildPhase section */

/* Begin PBXSourcesBuildPhase section */
		64B845ED21074A5F00E748BA /* Sources */ = {
			isa = PBXSourcesBuildPhase;
			buildActionMask = 2147483647;
			files = (
				64B846172107509F00E748BA /* HMXShader.metal in Sources */,
				64B845F921074A5F00E748BA /* ViewController.m in Sources */,
				64B8460421074A6000E748BA /* main.m in Sources */,
				64B845F621074A5F00E748BA /* AppDelegate.m in Sources */,
				64B8461221074AE700E748BA /* HMXRender.m in Sources */,
			);
			runOnlyForDeploymentPostprocessing = 0;
		};
/* End PBXSourcesBuildPhase section */

/* Begin PBXVariantGroup section */
		64B845FA21074A5F00E748BA /* Main.storyboard */ = {
			isa = PBXVariantGroup;
			children = (
				64B845FB21074A5F00E748BA /* Base */,
			);
			name = Main.storyboard;
			sourceTree = "<group>";
		};
		64B845FF21074A5F00E748BA /* LaunchScreen.storyboard */ = {
			isa = PBXVariantGroup;
			children = (
				64B8460021074A5F00E748BA /* Base */,
			);
			name = LaunchScreen.storyboard;
			sourceTree = "<group>";
		};
/* End PBXVariantGroup section */

/* Begin XCBuildConfiguration section */
		64B8460521074A6000E748BA /* Debug */ = {
			isa = XCBuildConfiguration;
			buildSettings = {
				ALWAYS_SEARCH_USER_PATHS = NO;
				CLANG_ANALYZER_NONNULL = YES;
				CLANG_ANALYZER_NUMBER_OBJECT_CONVERSION = YES_AGGRESSIVE;
				CLANG_CXX_LANGUAGE_STANDARD = "gnu++14";
				CLANG_CXX_LIBRARY = "libc++";
				CLANG_ENABLE_MODULES = YES;
				CLANG_ENABLE_OBJC_ARC = YES;
				CLANG_ENABLE_OBJC_WEAK = YES;
				CLANG_WARN_BLOCK_CAPTURE_AUTORELEASING = YES;
				CLANG_WARN_BOOL_CONVERSION = YES;
				CLANG_WARN_COMMA = YES;
				CLANG_WARN_CONSTANT_CONVERSION = YES;
				CLANG_WARN_DEPRECATED_OBJC_IMPLEMENTATIONS = YES;
				CLANG_WARN_DIRECT_OBJC_ISA_USAGE = YES_ERROR;
				CLANG_WARN_DOCUMENTATION_COMMENTS = YES;
				CLANG_WARN_EMPTY_BODY = YES;
				CLANG_WARN_ENUM_CONVERSION = YES;
				CLANG_WARN_INFINITE_RECURSION = YES;
				CLANG_WARN_INT_CONVERSION = YES;
				CLANG_WARN_NON_LITERAL_NULL_CONVERSION = YES;
				CLANG_WARN_OBJC_IMPLICIT_RETAIN_SELF = YES;
				CLANG_WARN_OBJC_LITERAL_CONVERSION = YES;
				CLANG_WARN_OBJC_ROOT_CLASS = YES_ERROR;
				CLANG_WARN_RANGE_LOOP_ANALYSIS = YES;
				CLANG_WARN_STRICT_PROTOTYPES = YES;
				CLANG_WARN_SUSPICIOUS_MOVE = YES;
				CLANG_WARN_UNGUARDED_AVAILABILITY = YES_AGGRESSIVE;
				CLANG_WARN_UNREACHABLE_CODE = YES;
				CLANG_WARN__DUPLICATE_METHOD_MATCH = YES;
				CODE_SIGN_IDENTITY = "iPhone Developer";
				COPY_PHASE_STRIP = NO;
				DEBUG_INFORMATION_FORMAT = dwarf;
				ENABLE_STRICT_OBJC_MSGSEND = YES;
				ENABLE_TESTABILITY = YES;
				GCC_C_LANGUAGE_STANDARD = gnu11;
				GCC_DYNAMIC_NO_PIC = NO;
				GCC_NO_COMMON_BLOCKS = YES;
				GCC_OPTIMIZATION_LEVEL = 0;
				GCC_PREPROCESSOR_DEFINITIONS = (
					"DEBUG=1",
					"$(inherited)",
				);
				GCC_WARN_64_TO_32_BIT_CONVERSION = YES;
				GCC_WARN_ABOUT_RETURN_TYPE = YES_ERROR;
				GCC_WARN_UNDECLARED_SELECTOR = YES;
				GCC_WARN_UNINITIALIZED_AUTOS = YES_AGGRESSIVE;
				GCC_WARN_UNUSED_FUNCTION = YES;
				GCC_WARN_UNUSED_VARIABLE = YES;
				IPHONEOS_DEPLOYMENT_TARGET = 11.4;
				MTL_ENABLE_DEBUG_INFO = YES;
				ONLY_ACTIVE_ARCH = YES;
				SDKROOT = iphoneos;
			};
			name = Debug;
		};
		64B8460621074A6000E748BA /* Release */ = {
			isa = XCBuildConfiguration;
			buildSettings = {
				ALWAYS_SEARCH_USER_PATHS = NO;
				CLANG_ANALYZER_NONNULL = YES;
				CLANG_ANALYZER_NUMBER_OBJECT_CONVERSION = YES_AGGRESSIVE;
				CLANG_CXX_LANGUAGE_STANDARD = "gnu++14";
				CLANG_CXX_LIBRARY = "libc++";
				CLANG_ENABLE_MODULES = YES;
				CLANG_ENABLE_OBJC_ARC = YES;
				CLANG_ENABLE_OBJC_WEAK = YES;
				CLANG_WARN_BLOCK_CAPTURE_AUTORELEASING = YES;
				CLANG_WARN_BOOL_CONVERSION = YES;
				CLANG_WARN_COMMA = YES;
				CLANG_WARN_CONSTANT_CONVERSION = YES;
				CLANG_WARN_DEPRECATED_OBJC_IMPLEMENTATIONS = YES;
				CLANG_WARN_DIRECT_OBJC_ISA_USAGE = YES_ERROR;
				CLANG_WARN_DOCUMENTATION_COMMENTS = YES;
				CLANG_WARN_EMPTY_BODY = YES;
				CLANG_WARN_ENUM_CONVERSION = YES;
				CLANG_WARN_INFINITE_RECURSION = YES;
				CLANG_WARN_INT_CONVERSION = YES;
				CLANG_WARN_NON_LITERAL_NULL_CONVERSION = YES;
				CLANG_WARN_OBJC_IMPLICIT_RETAIN_SELF = YES;
				CLANG_WARN_OBJC_LITERAL_CONVERSION = YES;
				CLANG_WARN_OBJC_ROOT_CLASS = YES_ERROR;
				CLANG_WARN_RANGE_LOOP_ANALYSIS = YES;
				CLANG_WARN_STRICT_PROTOTYPES = YES;
				CLANG_WARN_SUSPICIOUS_MOVE = YES;
				CLANG_WARN_UNGUARDED_AVAILABILITY = YES_AGGRESSIVE;
				CLANG_WARN_UNREACHABLE_CODE = YES;
				CLANG_WARN__DUPLICATE_METHOD_MATCH = YES;
				CODE_SIGN_IDENTITY = "iPhone Developer";
				COPY_PHASE_STRIP = NO;
				DEBUG_INFORMATION_FORMAT = "dwarf-with-dsym";
				ENABLE_NS_ASSERTIONS = NO;
				ENABLE_STRICT_OBJC_MSGSEND = YES;
				GCC_C_LANGUAGE_STANDARD = gnu11;
				GCC_NO_COMMON_BLOCKS = YES;
				GCC_WARN_64_TO_32_BIT_CONVERSION = YES;
				GCC_WARN_ABOUT_RETURN_TYPE = YES_ERROR;
				GCC_WARN_UNDECLARED_SELECTOR = YES;
				GCC_WARN_UNINITIALIZED_AUTOS = YES_AGGRESSIVE;
				GCC_WARN_UNUSED_FUNCTION = YES;
				GCC_WARN_UNUSED_VARIABLE = YES;
				IPHONEOS_DEPLOYMENT_TARGET = 11.4;
				MTL_ENABLE_DEBUG_INFO = NO;
				SDKROOT = iphoneos;
				VALIDATE_PRODUCT = YES;
			};
			name = Release;
		};
		64B8460821074A6000E748BA /* Debug */ = {
			isa = XCBuildConfiguration;
			buildSettings = {
				ASSETCATALOG_COMPILER_APPICON_NAME = AppIcon;
				CODE_SIGN_STYLE = Automatic;
				DEVELOPMENT_TEAM = Q9WZPGLPG5;
				INFOPLIST_FILE = HelloTriangle/Info.plist;
				LD_RUNPATH_SEARCH_PATHS = (
					"$(inherited)",
					"@executable_path/Frameworks",
				);
				PRODUCT_BUNDLE_IDENTIFIER = com.hmx.test;
				PRODUCT_NAME = "$(TARGET_NAME)";
				TARGETED_DEVICE_FAMILY = "1,2";
			};
			name = Debug;
		};
		64B8460921074A6000E748BA /* Release */ = {
			isa = XCBuildConfiguration;
			buildSettings = {
				ASSETCATALOG_COMPILER_APPICON_NAME = AppIcon;
				CODE_SIGN_STYLE = Automatic;
				DEVELOPMENT_TEAM = Q9WZPGLPG5;
				INFOPLIST_FILE = HelloTriangle/Info.plist;
				LD_RUNPATH_SEARCH_PATHS = (
					"$(inherited)",
					"@executable_path/Frameworks",
				);
				PRODUCT_BUNDLE_IDENTIFIER = com.hmx.test;
				PRODUCT_NAME = "$(TARGET_NAME)";
				TARGETED_DEVICE_FAMILY = "1,2";
			};
			name = Release;
		};
/* End XCBuildConfiguration section */

/* Begin XCConfigurationList section */
		64B845EC21074A5F00E748BA /* Build configuration list for PBXProject "HelloTriangle" */ = {
			isa = XCConfigurationList;
			buildConfigurations = (
				64B8460521074A6000E748BA /* Debug */,
				64B8460621074A6000E748BA /* Release */,
			);
			defaultConfigurationIsVisible = 0;
			defaultConfigurationName = Release;
		};
		64B8460721074A6000E748BA /* Build configuration list for PBXNativeTarget "HelloTriangle" */ = {
			isa = XCConfigurationList;
			buildConfigurations = (
				64B8460821074A6000E748BA /* Debug */,
				64B8460921074A6000E748BA /* Release */,
			);
			defaultConfigurationIsVisible = 0;
			defaultConfigurationName = Release;
		};
/* End XCConfigurationList section */
	};
	rootObject = 64B845E921074A5F00E748BA /* Project object */;
}
